
Microsoft Visual Studio Solution File, Format Version 12.00
# Visual Studio Version 17
VisualStudioVersion = 17.0.32014.148
MinimumVisualStudioVersion = 10.0.40219.1
Project("{FAE04EC0-301F-11D3-BF4B-00C04F79EFBC}") = "GestaoOficina.Api", "GestaoOficina.Api\GestaoOficina.Api.csproj", "{AC2DB34F-4F07-46EF-9CB4-260E156B7AF6}"
EndProject
Project("{FAE04EC0-301F-11D3-BF4B-00C04F79EFBC}") = "GestaoOficina.Application", "GestaoOficina.Application\GestaoOficina.Application.csproj", "{23C20475-8FDE-4FFD-B9D1-0A924D499CFA}"
EndProject
Project("{FAE04EC0-301F-11D3-BF4B-00C04F79EFBC}") = "GestaoOficina.CrossCutting", "GestaoOficina.CrossCutting\GestaoOficina.CrossCutting.csproj", "{C26AE783-FF91-4918-97C9-3A861442184C}"
EndProject
Project("{FAE04EC0-301F-11D3-BF4B-00C04F79EFBC}") = "GestaoOficina.Domain", "GestaoOficina.Domain\GestaoOficina.Domain.csproj", "{14F7CFBF-287C-4B58-A327-56E389D09CE7}"
EndProject
Project("{FAE04EC0-301F-11D3-BF4B-00C04F79EFBC}") = "GestaoOficina.Infrastructure", "GestaoOficina.Infrastructure\GestaoOficina.Infrastructure.csproj", "{854594B3-4545-41D9-B7F7-461F04748DBD}"
EndProject
Global
	GlobalSection(SolutionConfigurationPlatforms) = preSolution
		Debug|Any CPU = Debug|Any CPU
		Release|Any CPU = Release|Any CPU
	EndGlobalSection
	GlobalSection(ProjectConfigurationPlatforms) = postSolution
		{AC2DB34F-4F07-46EF-9CB4-260E156B7AF6}.Debug|Any CPU.ActiveCfg = Debug|Any CPU
		{AC2DB34F-4F07-46EF-9CB4-260E156B7AF6}.Debug|Any CPU.Build.0 = Debug|Any CPU
		{AC2DB34F-4F07-46EF-9CB4-260E156B7AF6}.Release|Any CPU.ActiveCfg = Release|Any CPU
		{AC2DB34F-4F07-46EF-9CB4-260E156B7AF6}.Release|Any CPU.Build.0 = Release|Any CPU
		{23C20475-8FDE-4FFD-B9D1-0A924D499CFA}.Debug|Any CPU.ActiveCfg = Debug|Any CPU
		{23C20475-8FDE-4FFD-B9D1-0A924D499CFA}.Debug|Any CPU.Build.0 = Debug|Any CPU
		{23C20475-8FDE-4FFD-B9D1-0A924D499CFA}.Release|Any CPU.ActiveCfg = Release|Any CPU
		{23C20475-8FDE-4FFD-B9D1-0A924D499CFA}.Release|Any CPU.Build.0 = Release|Any CPU
		{C26AE783-FF91-4918-97C9-3A861442184C}.Debug|Any CPU.ActiveCfg = Debug|Any CPU
		{C26AE783-FF91-4918-97C9-3A861442184C}.Debug|Any CPU.Build.0 = Debug|Any CPU
		{C26AE783-FF91-4918-97C9-3A861442184C}.Release|Any CPU.ActiveCfg = Release|Any CPU
		{C26AE783-FF91-4918-97C9-3A861442184C}.Release|Any CPU.Build.0 = Release|Any CPU
		{14F7CFBF-287C-4B58-A327-56E389D09CE7}.Debug|Any CPU.ActiveCfg = Debug|Any CPU
		{14F7CFBF-287C-4B58-A327-56E389D09CE7}.Debug|Any CPU.Build.0 = Debug|Any CPU
		{14F7CFBF-287C-4B58-A327-56E389D09CE7}.Release|Any CPU.ActiveCfg = Release|Any CPU
		{14F7CFBF-287C-4B58-A327-56E389D09CE7}.Release|Any CPU.Build.0 = Release|Any CPU
		{854594B3-4545-41D9-B7F7-461F04748DBD}.Debug|Any CPU.ActiveCfg = Debug|Any CPU
		{854594B3-4545-41D9-B7F7-461F04748DBD}.Debug|Any CPU.Build.0 = Debug|Any CPU
		{854594B3-4545-41D9-B7F7-461F04748DBD}.Release|Any CPU.ActiveCfg = Release|Any CPU
		{854594B3-4545-41D9-B7F7-461F04748DBD}.Release|Any CPU.Build.0 = Release|Any CPU
	EndGlobalSection
	GlobalSection(SolutionProperties) = preSolution
		HideSolutionNode = FALSE
	EndGlobalSection
	GlobalSection(ExtensibilityGlobals) = postSolution
		SolutionGuid = {C370A24C-DF19-4C0C-9781-FE712375803B}
	EndGlobalSection
EndGlobal
